
Microsoft Visual Studio Solution File, Format Version 12.00
# Visual Studio 14
VisualStudioVersion = 14.0.25420.1
MinimumVisualStudioVersion = 10.0.40219.1
Project("{FAE04EC0-301F-11D3-BF4B-00C04F79EFBC}") = "ROI Calculator", "ROI Calculator\ROI Calculator.csproj", "{3BCCF138-CB39-413C-B8B0-5CE0E3D0928B}"
EndProject
Global
	GlobalSection(SolutionConfigurationPlatforms) = preSolution
		Debug|Any CPU = Debug|Any CPU
		Release|Any CPU = Release|Any CPU
	EndGlobalSection
	GlobalSection(ProjectConfigurationPlatforms) = postSolution
		{3BCCF138-CB39-413C-B8B0-5CE0E3D0928B}.Debug|Any CPU.ActiveCfg = Debug|Any CPU
		{3BCCF138-CB39-413C-B8B0-5CE0E3D0928B}.Debug|Any CPU.Build.0 = Debug|Any CPU
		{3BCCF138-CB39-413C-B8B0-5CE0E3D0928B}.Release|Any CPU.ActiveCfg = Release|Any CPU
		{3BCCF138-CB39-413C-B8B0-5CE0E3D0928B}.Release|Any CPU.Build.0 = Release|Any CPU
	EndGlobalSection
	GlobalSection(SolutionProperties) = preSolution
		HideSolutionNode = FALSE
	EndGlobalSection
	GlobalSection(TeamFoundationVersionControl) = preSolution
		SccNumberOfProjects = 2
		SccEnterpriseProvider = {4CA58AB2-18FA-4F8D-95D4-32DDF27D184C}
		SccTeamFoundationServer = http://tfs1:8080/tfs/defaultcollection
		SccLocalPath0 = .
		SccProjectUniqueName1 = ROI\u0020Calculator\\ROI\u0020Calculator.csproj
		SccProjectName1 = ROI\u0020Calculator
		SccLocalPath1 = ROI\u0020Calculator
	EndGlobalSection
EndGlobal
